
Microsoft Visual Studio Solution File, Format Version 12.00
# Visual Studio 15
VisualStudioVersion = 15.0.26430.6
MinimumVisualStudioVersion = 10.0.40219.1
Project("{E24C65DC-7377-472B-9ABA-BC803B73C61A}") = "LjQuery", "..\..\WebSites\LjQuery\", "{4EA8398F-9BC0-4BB8-A095-7508FE5CF801}"
	ProjectSection(WebsiteProperties) = preProject
		TargetFrameworkMoniker = ".NETFramework,Version%3Dv4.5.2"
		Debug.AspNetCompiler.VirtualPath = "/localhost_8645"
		Debug.AspNetCompiler.PhysicalPath = "..\..\WebSites\LjQuery\"
		Debug.AspNetCompiler.TargetPath = "PrecompiledWeb\localhost_8645\"
		Debug.AspNetCompiler.Updateable = "true"
		Debug.AspNetCompiler.ForceOverwrite = "true"
		Debug.AspNetCompiler.FixedNames = "false"
		Debug.AspNetCompiler.Debug = "True"
		Release.AspNetCompiler.VirtualPath = "/localhost_8645"
		Release.AspNetCompiler.PhysicalPath = "..\..\WebSites\LjQuery\"
		Release.AspNetCompiler.TargetPath = "PrecompiledWeb\localhost_8645\"
		Release.AspNetCompiler.Updateable = "true"
		Release.AspNetCompiler.ForceOverwrite = "true"
		Release.AspNetCompiler.FixedNames = "false"
		Release.AspNetCompiler.Debug = "False"
		VWDPort = "8645"
		SlnRelativePath = "..\..\WebSites\LjQuery\"
		DefaultWebSiteLanguage = "Visual C#"
	EndProjectSection
EndProject
Global
	GlobalSection(SolutionConfigurationPlatforms) = preSolution
		Debug|Any CPU = Debug|Any CPU
	EndGlobalSection
	GlobalSection(ProjectConfigurationPlatforms) = postSolution
		{4EA8398F-9BC0-4BB8-A095-7508FE5CF801}.Debug|Any CPU.ActiveCfg = Debug|Any CPU
		{4EA8398F-9BC0-4BB8-A095-7508FE5CF801}.Debug|Any CPU.Build.0 = Debug|Any CPU
	EndGlobalSection
	GlobalSection(SolutionProperties) = preSolution
		HideSolutionNode = FALSE
	EndGlobalSection
EndGlobal
